
Microsoft Visual Studio Solution File, Format Version 12.00
# Visual Studio Version 17
VisualStudioVersion = 17.2.32516.85
MinimumVisualStudioVersion = 10.0.40219.1
Project("{FAE04EC0-301F-11D3-BF4B-00C04F79EFBC}") = "WindowsEF", "WindowsEF\WindowsEF.csproj", "{7B6AF897-A2DE-43AD-ADF3-03718CA834E1}"
EndProject
Project("{FAE04EC0-301F-11D3-BF4B-00C04F79EFBC}") = "WindowsAppNorthwind", "WindowsAppNorthwind\WindowsAppNorthwind.csproj", "{53C343AD-27FE-4378-9BC6-533D1F250BAF}"
EndProject
Project("{FAE04EC0-301F-11D3-BF4B-00C04F79EFBC}") = "WindowsAppPubs", "WindowsAppPubs\WindowsAppPubs.csproj", "{16BB0B36-72E2-4AA5-8C45-CF71875BA907}"
EndProject
Global
	GlobalSection(SolutionConfigurationPlatforms) = preSolution
		Debug|Any CPU = Debug|Any CPU
		Release|Any CPU = Release|Any CPU
	EndGlobalSection
	GlobalSection(ProjectConfigurationPlatforms) = postSolution
		{7B6AF897-A2DE-43AD-ADF3-03718CA834E1}.Debug|Any CPU.ActiveCfg = Debug|Any CPU
		{7B6AF897-A2DE-43AD-ADF3-03718CA834E1}.Debug|Any CPU.Build.0 = Debug|Any CPU
		{7B6AF897-A2DE-43AD-ADF3-03718CA834E1}.Release|Any CPU.ActiveCfg = Release|Any CPU
		{7B6AF897-A2DE-43AD-ADF3-03718CA834E1}.Release|Any CPU.Build.0 = Release|Any CPU
		{53C343AD-27FE-4378-9BC6-533D1F250BAF}.Debug|Any CPU.ActiveCfg = Debug|Any CPU
		{53C343AD-27FE-4378-9BC6-533D1F250BAF}.Debug|Any CPU.Build.0 = Debug|Any CPU
		{53C343AD-27FE-4378-9BC6-533D1F250BAF}.Release|Any CPU.ActiveCfg = Release|Any CPU
		{53C343AD-27FE-4378-9BC6-533D1F250BAF}.Release|Any CPU.Build.0 = Release|Any CPU
		{16BB0B36-72E2-4AA5-8C45-CF71875BA907}.Debug|Any CPU.ActiveCfg = Debug|Any CPU
		{16BB0B36-72E2-4AA5-8C45-CF71875BA907}.Debug|Any CPU.Build.0 = Debug|Any CPU
		{16BB0B36-72E2-4AA5-8C45-CF71875BA907}.Release|Any CPU.ActiveCfg = Release|Any CPU
		{16BB0B36-72E2-4AA5-8C45-CF71875BA907}.Release|Any CPU.Build.0 = Release|Any CPU
	EndGlobalSection
	GlobalSection(SolutionProperties) = preSolution
		HideSolutionNode = FALSE
	EndGlobalSection
	GlobalSection(ExtensibilityGlobals) = postSolution
		SolutionGuid = {0F1FBD66-24B8-43CE-9881-F901CEC7BC92}
	EndGlobalSection
EndGlobal
